
Microsoft Visual Studio Solution File, Format Version 12.00
# Visual Studio Version 16
VisualStudioVersion = 16.0.30523.141
MinimumVisualStudioVersion = 10.0.40219.1
Project("{9A19103F-16F7-4668-BE54-9A1E7A4F7556}") = "OdeToFood", "OdeToFood\OdeToFood.csproj", "{5BD31A1C-B9E9-4E0D-9F46-309C8852A6FF}"
EndProject
Project("{FAE04EC0-301F-11D3-BF4B-00C04F79EFBC}") = "OdeToFood.Core", "OdeToFood.Core\OdeToFood.Core.csproj", "{CCFA9AA2-C7CD-43FB-9E18-66639CA9854F}"
EndProject
Project("{FAE04EC0-301F-11D3-BF4B-00C04F79EFBC}") = "OdeToFood.Data", "OdeToFood.Data\OdeToFood.Data.csproj", "{9AC2EAA6-25B6-41DD-893A-940B2DFB8475}"
EndProject
Global
	GlobalSection(SolutionConfigurationPlatforms) = preSolution
		Debug|Any CPU = Debug|Any CPU
		Release|Any CPU = Release|Any CPU
	EndGlobalSection
	GlobalSection(ProjectConfigurationPlatforms) = postSolution
		{5BD31A1C-B9E9-4E0D-9F46-309C8852A6FF}.Debug|Any CPU.ActiveCfg = Debug|Any CPU
		{5BD31A1C-B9E9-4E0D-9F46-309C8852A6FF}.Debug|Any CPU.Build.0 = Debug|Any CPU
		{5BD31A1C-B9E9-4E0D-9F46-309C8852A6FF}.Release|Any CPU.ActiveCfg = Release|Any CPU
		{5BD31A1C-B9E9-4E0D-9F46-309C8852A6FF}.Release|Any CPU.Build.0 = Release|Any CPU
		{CCFA9AA2-C7CD-43FB-9E18-66639CA9854F}.Debug|Any CPU.ActiveCfg = Debug|Any CPU
		{CCFA9AA2-C7CD-43FB-9E18-66639CA9854F}.Debug|Any CPU.Build.0 = Debug|Any CPU
		{CCFA9AA2-C7CD-43FB-9E18-66639CA9854F}.Release|Any CPU.ActiveCfg = Release|Any CPU
		{CCFA9AA2-C7CD-43FB-9E18-66639CA9854F}.Release|Any CPU.Build.0 = Release|Any CPU
		{9AC2EAA6-25B6-41DD-893A-940B2DFB8475}.Debug|Any CPU.ActiveCfg = Debug|Any CPU
		{9AC2EAA6-25B6-41DD-893A-940B2DFB8475}.Debug|Any CPU.Build.0 = Debug|Any CPU
		{9AC2EAA6-25B6-41DD-893A-940B2DFB8475}.Release|Any CPU.ActiveCfg = Release|Any CPU
		{9AC2EAA6-25B6-41DD-893A-940B2DFB8475}.Release|Any CPU.Build.0 = Release|Any CPU
	EndGlobalSection
	GlobalSection(SolutionProperties) = preSolution
		HideSolutionNode = FALSE
	EndGlobalSection
	GlobalSection(ExtensibilityGlobals) = postSolution
		SolutionGuid = {D9D4A028-EFE8-4DC7-BC83-883323B9DF34}
	EndGlobalSection
EndGlobal
